
Microsoft Visual Studio Solution File, Format Version 12.00
# Visual Studio Version 17
VisualStudioVersion = 17.3.32901.215
MinimumVisualStudioVersion = 10.0.40219.1
Project("{9A19103F-16F7-4668-BE54-9A1E7A4F7556}") = "WASMAspHosted.Server", "WASMAspHosted\Server\WASMAspHosted.Server.csproj", "{C9E072D3-B899-4045-9719-6484B264FC22}"
EndProject
Project("{9A19103F-16F7-4668-BE54-9A1E7A4F7556}") = "WASMAspHosted.Client", "WASMAspHosted\Client\WASMAspHosted.Client.csproj", "{29CFF4D8-5BF9-4DA2-B553-77EAE6656E9F}"
EndProject
Project("{9A19103F-16F7-4668-BE54-9A1E7A4F7556}") = "WASMAspHosted.Shared", "WASMAspHosted\Shared\WASMAspHosted.Shared.csproj", "{F204DABB-D2D8-4B0C-935D-B56619FA03BC}"
EndProject
Global
	GlobalSection(SolutionConfigurationPlatforms) = preSolution
		Debug|Any CPU = Debug|Any CPU
		Release|Any CPU = Release|Any CPU
	EndGlobalSection
	GlobalSection(ProjectConfigurationPlatforms) = postSolution
		{C9E072D3-B899-4045-9719-6484B264FC22}.Debug|Any CPU.ActiveCfg = Debug|Any CPU
		{C9E072D3-B899-4045-9719-6484B264FC22}.Debug|Any CPU.Build.0 = Debug|Any CPU
		{C9E072D3-B899-4045-9719-6484B264FC22}.Release|Any CPU.ActiveCfg = Release|Any CPU
		{C9E072D3-B899-4045-9719-6484B264FC22}.Release|Any CPU.Build.0 = Release|Any CPU
		{29CFF4D8-5BF9-4DA2-B553-77EAE6656E9F}.Debug|Any CPU.ActiveCfg = Debug|Any CPU
		{29CFF4D8-5BF9-4DA2-B553-77EAE6656E9F}.Debug|Any CPU.Build.0 = Debug|Any CPU
		{29CFF4D8-5BF9-4DA2-B553-77EAE6656E9F}.Release|Any CPU.ActiveCfg = Release|Any CPU
		{29CFF4D8-5BF9-4DA2-B553-77EAE6656E9F}.Release|Any CPU.Build.0 = Release|Any CPU
		{F204DABB-D2D8-4B0C-935D-B56619FA03BC}.Debug|Any CPU.ActiveCfg = Debug|Any CPU
		{F204DABB-D2D8-4B0C-935D-B56619FA03BC}.Debug|Any CPU.Build.0 = Debug|Any CPU
		{F204DABB-D2D8-4B0C-935D-B56619FA03BC}.Release|Any CPU.ActiveCfg = Release|Any CPU
		{F204DABB-D2D8-4B0C-935D-B56619FA03BC}.Release|Any CPU.Build.0 = Release|Any CPU
	EndGlobalSection
	GlobalSection(SolutionProperties) = preSolution
		HideSolutionNode = FALSE
	EndGlobalSection
	GlobalSection(ExtensibilityGlobals) = postSolution
		SolutionGuid = {BED607A8-4A7F-430B-B59F-8C63D6B6CD64}
	EndGlobalSection
EndGlobal
